// !$*UTF8*$!
{
	archiveVersion = 1;
	classes = {
	};
	objectVersion = 48;
	objects = {

/* Begin PBXBuildFile section */
		51B42D761F88F3AA004F6D60 /* AppDelegate.swift in Sources */ = {isa = PBXBuildFile; fileRef = 51B42D751F88F3AA004F6D60 /* AppDelegate.swift */; };
		51B42D781F88F3AA004F6D60 /* ViewController.swift in Sources */ = {isa = PBXBuildFile; fileRef = 51B42D771F88F3AA004F6D60 /* ViewController.swift */; };
		51B42D7B1F88F3AA004F6D60 /* Main.storyboard in Resources */ = {isa = PBXBuildFile; fileRef = 51B42D791F88F3AA004F6D60 /* Main.storyboard */; };
		51B42D7D1F88F3AA004F6D60 /* Assets.xcassets in Resources */ = {isa = PBXBuildFile; fileRef = 51B42D7C1F88F3AA004F6D60 /* Assets.xcassets */; };
		51B42D801F88F3AA004F6D60 /* LaunchScreen.storyboard in Resources */ = {isa = PBXBuildFile; fileRef = 51B42D7E1F88F3AA004F6D60 /* LaunchScreen.storyboard */; };
		F282324F8DCFB69A86713773 /* Pods_Caducapp.framework in Frameworks */ = {isa = PBXBuildFile; fileRef = 1AD23BB38FA6645ED5583297 /* Pods_Caducapp.framework */; };
/* End PBXBuildFile section */

/* Begin PBXFileReference section */
		0652F3B7BC76DF69E1102B92 /* Pods-Caducapp.release.xcconfig */ = {isa = PBXFileReference; includeInIndex = 1; lastKnownFileType = text.xcconfig; name = "Pods-Caducapp.release.xcconfig"; path = "Pods/Target Support Files/Pods-Caducapp/Pods-Caducapp.release.xcconfig"; sourceTree = "<group>"; };
		1AD23BB38FA6645ED5583297 /* Pods_Caducapp.framework */ = {isa = PBXFileReference; explicitFileType = wrapper.framework; includeInIndex = 0; path = Pods_Caducapp.framework; sourceTree = BUILT_PRODUCTS_DIR; };
		51B42D721F88F3AA004F6D60 /* Caducapp.app */ = {isa = PBXFileReference; explicitFileType = wrapper.application; includeInIndex = 0; path = Caducapp.app; sourceTree = BUILT_PRODUCTS_DIR; };
		51B42D751F88F3AA004F6D60 /* AppDelegate.swift */ = {isa = PBXFileReference; lastKnownFileType = sourcecode.swift; path = AppDelegate.swift; sourceTree = "<group>"; };
		51B42D771F88F3AA004F6D60 /* ViewController.swift */ = {isa = PBXFileReference; lastKnownFileType = sourcecode.swift; path = ViewController.swift; sourceTree = "<group>"; };
		51B42D7A1F88F3AA004F6D60 /* Base */ = {isa = PBXFileReference; lastKnownFileType = file.storyboard; name = Base; path = Base.lproj/Main.storyboard; sourceTree = "<group>"; };
		51B42D7C1F88F3AA004F6D60 /* Assets.xcassets */ = {isa = PBXFileReference; lastKnownFileType = folder.assetcatalog; path = Assets.xcassets; sourceTree = "<group>"; };
		51B42D7F1F88F3AA004F6D60 /* Base */ = {isa = PBXFileReference; lastKnownFileType = file.storyboard; name = Base; path = Base.lproj/LaunchScreen.storyboard; sourceTree = "<group>"; };
		51B42D811F88F3AA004F6D60 /* Info.plist */ = {isa = PBXFileReference; lastKnownFileType = text.plist.xml; path = Info.plist; sourceTree = "<group>"; };
		51B42D871F88F4DC004F6D60 /* GoogleService-Info.plist */ = {isa = PBXFileReference; lastKnownFileType = text.plist.xml; name = "GoogleService-Info.plist"; path = "../../../Downloads/GoogleService-Info.plist"; sourceTree = "<group>"; };
		EB0B43A0FF0A5E9BDA9C06F8 /* Pods-Caducapp.debug.xcconfig */ = {isa = PBXFileReference; includeInIndex = 1; lastKnownFileType = text.xcconfig; name = "Pods-Caducapp.debug.xcconfig"; path = "Pods/Target Support Files/Pods-Caducapp/Pods-Caducapp.debug.xcconfig"; sourceTree = "<group>"; };
/* End PBXFileReference section */

/* Begin PBXFrameworksBuildPhase section */
		51B42D6F1F88F3AA004F6D60 /* Frameworks */ = {
			isa = PBXFrameworksBuildPhase;
			buildActionMask = 2147483647;
			files = (
				F282324F8DCFB69A86713773 /* Pods_Caducapp.framework in Frameworks */,
			);
			runOnlyForDeploymentPostprocessing = 0;
		};
/* End PBXFrameworksBuildPhase section */

/* Begin PBXGroup section */
		045F8CF1E628BB6A32B2F109 /* Frameworks */ = {
			isa = PBXGroup;
			children = (
				1AD23BB38FA6645ED5583297 /* Pods_Caducapp.framework */,
			);
			name = Frameworks;
			sourceTree = "<group>";
		};
		51B42D691F88F3AA004F6D60 = {
			isa = PBXGroup;
			children = (
				51B42D741F88F3AA004F6D60 /* Caducapp */,
				51B42D731F88F3AA004F6D60 /* Products */,
				DAED26909414C543607C4A14 /* Pods */,
				045F8CF1E628BB6A32B2F109 /* Frameworks */,
			);
			sourceTree = "<group>";
		};
		51B42D731F88F3AA004F6D60 /* Products */ = {
			isa = PBXGroup;
			children = (
				51B42D721F88F3AA004F6D60 /* Caducapp.app */,
			);
			name = Products;
			sourceTree = "<group>";
		};
		51B42D741F88F3AA004F6D60 /* Caducapp */ = {
			isa = PBXGroup;
			children = (
				51B42D871F88F4DC004F6D60 /* GoogleService-Info.plist */,
				51B42D751F88F3AA004F6D60 /* AppDelegate.swift */,
				51B42D771F88F3AA004F6D60 /* ViewController.swift */,
				51B42D791F88F3AA004F6D60 /* Main.storyboard */,
				51B42D7C1F88F3AA004F6D60 /* Assets.xcassets */,
				51B42D7E1F88F3AA004F6D60 /* LaunchScreen.storyboard */,
				51B42D811F88F3AA004F6D60 /* Info.plist */,
			);
			path = Caducapp;
			sourceTree = "<group>";
		};
		DAED26909414C543607C4A14 /* Pods */ = {
			isa = PBXGroup;
			children = (
				EB0B43A0FF0A5E9BDA9C06F8 /* Pods-Caducapp.debug.xcconfig */,
				0652F3B7BC76DF69E1102B92 /* Pods-Caducapp.release.xcconfig */,
			);
			name = Pods;
			sourceTree = "<group>";
		};
/* End PBXGroup section */

/* Begin PBXNativeTarget section */
		51B42D711F88F3AA004F6D60 /* Caducapp */ = {
			isa = PBXNativeTarget;
			buildConfigurationList = 51B42D841F88F3AA004F6D60 /* Build configuration list for PBXNativeTarget "Caducapp" */;
			buildPhases = (
				27BA74228B09DF2CFA1EA576 /* [CP] Check Pods Manifest.lock */,
				51B42D6E1F88F3AA004F6D60 /* Sources */,
				51B42D6F1F88F3AA004F6D60 /* Frameworks */,
				51B42D701F88F3AA004F6D60 /* Resources */,
				204D3D4125BDFCBA30250549 /* [CP] Embed Pods Frameworks */,
				007D0F9CE5C34C68B84522A8 /* [CP] Copy Pods Resources */,
			);
			buildRules = (
			);
			dependencies = (
			);
			name = Caducapp;
			productName = Caducapp;
			productReference = 51B42D721F88F3AA004F6D60 /* Caducapp.app */;
			productType = "com.apple.product-type.application";
		};
/* End PBXNativeTarget section */

/* Begin PBXProject section */
		51B42D6A1F88F3AA004F6D60 /* Project object */ = {
			isa = PBXProject;
			attributes = {
				LastSwiftUpdateCheck = 0900;
				LastUpgradeCheck = 0900;
				ORGANIZATIONNAME = "Alejandro Antunez Reino";
				TargetAttributes = {
					51B42D711F88F3AA004F6D60 = {
						CreatedOnToolsVersion = 9.0;
						ProvisioningStyle = Automatic;
					};
				};
			};
			buildConfigurationList = 51B42D6D1F88F3AA004F6D60 /* Build configuration list for PBXProject "Caducapp" */;
			compatibilityVersion = "Xcode 8.0";
			developmentRegion = en;
			hasScannedForEncodings = 0;
			knownRegions = (
				en,
				Base,
			);
			mainGroup = 51B42D691F88F3AA004F6D60;
			productRefGroup = 51B42D731F88F3AA004F6D60 /* Products */;
			projectDirPath = "";
			projectRoot = "";
			targets = (
				51B42D711F88F3AA004F6D60 /* Caducapp */,
			);
		};
/* End PBXProject section */

/* Begin PBXResourcesBuildPhase section */
		51B42D701F88F3AA004F6D60 /* Resources */ = {
			isa = PBXResourcesBuildPhase;
			buildActionMask = 2147483647;
			files = (
				51B42D801F88F3AA004F6D60 /* LaunchScreen.storyboard in Resources */,
				51B42D7D1F88F3AA004F6D60 /* Assets.xcassets in Resources */,
				51B42D7B1F88F3AA004F6D60 /* Main.storyboard in Resources */,
			);
			runOnlyForDeploymentPostprocessing = 0;
		};
/* End PBXResourcesBuildPhase section */

/* Begin PBXShellScriptBuildPhase section */
		007D0F9CE5C34C68B84522A8 /* [CP] Copy Pods Resources */ = {
			isa = PBXShellScriptBuildPhase;
			buildActionMask = 2147483647;
			files = (
			);
			inputPaths = (
			);
			name = "[CP] Copy Pods Resources";
			outputPaths = (
			);
			runOnlyForDeploymentPostprocessing = 0;
			shellPath = /bin/sh;
			shellScript = "\"${SRCROOT}/Pods/Target Support Files/Pods-Caducapp/Pods-Caducapp-resources.sh\"\n";
			showEnvVarsInLog = 0;
		};
		204D3D4125BDFCBA30250549 /* [CP] Embed Pods Frameworks */ = {
			isa = PBXShellScriptBuildPhase;
			buildActionMask = 2147483647;
			files = (
			);
			inputPaths = (
				"${SRCROOT}/Pods/Target Support Files/Pods-Caducapp/Pods-Caducapp-frameworks.sh",
				"${BUILT_PRODUCTS_DIR}/Alamofire/Alamofire.framework",
				"${BUILT_PRODUCTS_DIR}/BarcodeScanner/BarcodeScanner.framework",
				"${BUILT_PRODUCTS_DIR}/GoogleToolboxForMac/GoogleToolboxForMac.framework",
				"${BUILT_PRODUCTS_DIR}/nanopb/nanopb.framework",
			);
			name = "[CP] Embed Pods Frameworks";
			outputPaths = (
				"${TARGET_BUILD_DIR}/${FRAMEWORKS_FOLDER_PATH}/Alamofire.framework",
				"${TARGET_BUILD_DIR}/${FRAMEWORKS_FOLDER_PATH}/BarcodeScanner.framework",
				"${TARGET_BUILD_DIR}/${FRAMEWORKS_FOLDER_PATH}/GoogleToolboxForMac.framework",
				"${TARGET_BUILD_DIR}/${FRAMEWORKS_FOLDER_PATH}/nanopb.framework",
			);
			runOnlyForDeploymentPostprocessing = 0;
			shellPath = /bin/sh;
			shellScript = "\"${SRCROOT}/Pods/Target Support Files/Pods-Caducapp/Pods-Caducapp-frameworks.sh\"\n";
			showEnvVarsInLog = 0;
		};
		27BA74228B09DF2CFA1EA576 /* [CP] Check Pods Manifest.lock */ = {
			isa = PBXShellScriptBuildPhase;
			buildActionMask = 2147483647;
			files = (
			);
			inputPaths = (
				"${PODS_PODFILE_DIR_PATH}/Podfile.lock",
				"${PODS_ROOT}/Manifest.lock",
			);
			name = "[CP] Check Pods Manifest.lock";
			outputPaths = (
				"$(DERIVED_FILE_DIR)/Pods-Caducapp-checkManifestLockResult.txt",
			);
			runOnlyForDeploymentPostprocessing = 0;
			shellPath = /bin/sh;
			shellScript = "diff \"${PODS_PODFILE_DIR_PATH}/Podfile.lock\" \"${PODS_ROOT}/Manifest.lock\" > /dev/null\nif [ $? != 0 ] ; then\n    # print error to STDERR\n    echo \"error: The sandbox is not in sync with the Podfile.lock. Run 'pod install' or update your CocoaPods installation.\" >&2\n    exit 1\nfi\n# This output is used by Xcode 'outputs' to avoid re-running this script phase.\necho \"SUCCESS\" > \"${SCRIPT_OUTPUT_FILE_0}\"\n";
			showEnvVarsInLog = 0;
		};
/* End PBXShellScriptBuildPhase section */

/* Begin PBXSourcesBuildPhase section */
		51B42D6E1F88F3AA004F6D60 /* Sources */ = {
			isa = PBXSourcesBuildPhase;
			buildActionMask = 2147483647;
			files = (
				51B42D781F88F3AA004F6D60 /* ViewController.swift in Sources */,
				51B42D761F88F3AA004F6D60 /* AppDelegate.swift in Sources */,
			);
			runOnlyForDeploymentPostprocessing = 0;
		};
/* End PBXSourcesBuildPhase section */

/* Begin PBXVariantGroup section */
		51B42D791F88F3AA004F6D60 /* Main.storyboard */ = {
			isa = PBXVariantGroup;
			children = (
				51B42D7A1F88F3AA004F6D60 /* Base */,
			);
			name = Main.storyboard;
			sourceTree = "<group>";
		};
		51B42D7E1F88F3AA004F6D60 /* LaunchScreen.storyboard */ = {
			isa = PBXVariantGroup;
			children = (
				51B42D7F1F88F3AA004F6D60 /* Base */,
			);
			name = LaunchScreen.storyboard;
			sourceTree = "<group>";
		};
/* End PBXVariantGroup section */

/* Begin XCBuildConfiguration section */
		51B42D821F88F3AA004F6D60 /* Debug */ = {
			isa = XCBuildConfiguration;
			buildSettings = {
				ALWAYS_SEARCH_USER_PATHS = NO;
				CLANG_ANALYZER_NONNULL = YES;
				CLANG_ANALYZER_NUMBER_OBJECT_CONVERSION = YES_AGGRESSIVE;
				CLANG_CXX_LANGUAGE_STANDARD = "gnu++14";
				CLANG_CXX_LIBRARY = "libc++";
				CLANG_ENABLE_MODULES = YES;
				CLANG_ENABLE_OBJC_ARC = YES;
				CLANG_WARN_BLOCK_CAPTURE_AUTORELEASING = YES;
				CLANG_WARN_BOOL_CONVERSION = YES;
				CLANG_WARN_COMMA = YES;
				CLANG_WARN_CONSTANT_CONVERSION = YES;
				CLANG_WARN_DIRECT_OBJC_ISA_USAGE = YES_ERROR;
				CLANG_WARN_DOCUMENTATION_COMMENTS = YES;
				CLANG_WARN_EMPTY_BODY = YES;
				CLANG_WARN_ENUM_CONVERSION = YES;
				CLANG_WARN_INFINITE_RECURSION = YES;
				CLANG_WARN_INT_CONVERSION = YES;
				CLANG_WARN_NON_LITERAL_NULL_CONVERSION = YES;
				CLANG_WARN_OBJC_LITERAL_CONVERSION = YES;
				CLANG_WARN_OBJC_ROOT_CLASS = YES_ERROR;
				CLANG_WARN_RANGE_LOOP_ANALYSIS = YES;
				CLANG_WARN_STRICT_PROTOTYPES = YES;
				CLANG_WARN_SUSPICIOUS_MOVE = YES;
				CLANG_WARN_UNGUARDED_AVAILABILITY = YES_AGGRESSIVE;
				CLANG_WARN_UNREACHABLE_CODE = YES;
				CLANG_WARN__DUPLICATE_METHOD_MATCH = YES;
				CODE_SIGN_IDENTITY = "iPhone Developer";
				COPY_PHASE_STRIP = NO;
				DEBUG_INFORMATION_FORMAT = dwarf;
				ENABLE_STRICT_OBJC_MSGSEND = YES;
				ENABLE_TESTABILITY = YES;
				GCC_C_LANGUAGE_STANDARD = gnu11;
				GCC_DYNAMIC_NO_PIC = NO;
				GCC_NO_COMMON_BLOCKS = YES;
				GCC_OPTIMIZATION_LEVEL = 0;
				GCC_PREPROCESSOR_DEFINITIONS = (
					"DEBUG=1",
					"$(inherited)",
				);
				GCC_WARN_64_TO_32_BIT_CONVERSION = YES;
				GCC_WARN_ABOUT_RETURN_TYPE = YES_ERROR;
				GCC_WARN_UNDECLARED_SELECTOR = YES;
				GCC_WARN_UNINITIALIZED_AUTOS = YES_AGGRESSIVE;
				GCC_WARN_UNUSED_FUNCTION = YES;
				GCC_WARN_UNUSED_VARIABLE = YES;
				IPHONEOS_DEPLOYMENT_TARGET = 11.0;
				MTL_ENABLE_DEBUG_INFO = YES;
				ONLY_ACTIVE_ARCH = YES;
				SDKROOT = iphoneos;
				SWIFT_ACTIVE_COMPILATION_CONDITIONS = DEBUG;
				SWIFT_OPTIMIZATION_LEVEL = "-Onone";
			};
			name = Debug;
		};
		51B42D831F88F3AA004F6D60 /* Release */ = {
			isa = XCBuildConfiguration;
			buildSettings = {
				ALWAYS_SEARCH_USER_PATHS = NO;
				CLANG_ANALYZER_NONNULL = YES;
				CLANG_ANALYZER_NUMBER_OBJECT_CONVERSION = YES_AGGRESSIVE;
				CLANG_CXX_LANGUAGE_STANDARD = "gnu++14";
				CLANG_CXX_LIBRARY = "libc++";
				CLANG_ENABLE_MODULES = YES;
				CLANG_ENABLE_OBJC_ARC = YES;
				CLANG_WARN_BLOCK_CAPTURE_AUTORELEASING = YES;
				CLANG_WARN_BOOL_CONVERSION = YES;
				CLANG_WARN_COMMA = YES;
				CLANG_WARN_CONSTANT_CONVERSION = YES;
				CLANG_WARN_DIRECT_OBJC_ISA_USAGE = YES_ERROR;
				CLANG_WARN_DOCUMENTATION_COMMENTS = YES;
				CLANG_WARN_EMPTY_BODY = YES;
				CLANG_WARN_ENUM_CONVERSION = YES;
				CLANG_WARN_INFINITE_RECURSION = YES;
				CLANG_WARN_INT_CONVERSION = YES;
				CLANG_WARN_NON_LITERAL_NULL_CONVERSION = YES;
				CLANG_WARN_OBJC_LITERAL_CONVERSION = YES;
				CLANG_WARN_OBJC_ROOT_CLASS = YES_ERROR;
				CLANG_WARN_RANGE_LOOP_ANALYSIS = YES;
				CLANG_WARN_STRICT_PROTOTYPES = YES;
				CLANG_WARN_SUSPICIOUS_MOVE = YES;
				CLANG_WARN_UNGUARDED_AVAILABILITY = YES_AGGRESSIVE;
				CLANG_WARN_UNREACHABLE_CODE = YES;
				CLANG_WARN__DUPLICATE_METHOD_MATCH = YES;
				CODE_SIGN_IDENTITY = "iPhone Developer";
				COPY_PHASE_STRIP = NO;
				DEBUG_INFORMATION_FORMAT = "dwarf-with-dsym";
				ENABLE_NS_ASSERTIONS = NO;
				ENABLE_STRICT_OBJC_MSGSEND = YES;
				GCC_C_LANGUAGE_STANDARD = gnu11;
				GCC_NO_COMMON_BLOCKS = YES;
				GCC_WARN_64_TO_32_BIT_CONVERSION = YES;
				GCC_WARN_ABOUT_RETURN_TYPE = YES_ERROR;
				GCC_WARN_UNDECLARED_SELECTOR = YES;
				GCC_WARN_UNINITIALIZED_AUTOS = YES_AGGRESSIVE;
				GCC_WARN_UNUSED_FUNCTION = YES;
				GCC_WARN_UNUSED_VARIABLE = YES;
				IPHONEOS_DEPLOYMENT_TARGET = 11.0;
				MTL_ENABLE_DEBUG_INFO = NO;
				SDKROOT = iphoneos;
				SWIFT_OPTIMIZATION_LEVEL = "-Owholemodule";
				VALIDATE_PRODUCT = YES;
			};
			name = Release;
		};
		51B42D851F88F3AA004F6D60 /* Debug */ = {
			isa = XCBuildConfiguration;
			baseConfigurationReference = EB0B43A0FF0A5E9BDA9C06F8 /* Pods-Caducapp.debug.xcconfig */;
			buildSettings = {
				ASSETCATALOG_COMPILER_APPICON_NAME = AppIcon;
				CODE_SIGN_STYLE = Automatic;
				DEVELOPMENT_TEAM = AWPJ7PA7MR;
				INFOPLIST_FILE = Caducapp/Info.plist;
				LD_RUNPATH_SEARCH_PATHS = "$(inherited) @executable_path/Frameworks";
				PRODUCT_BUNDLE_IDENTIFIER = bird.Caducapp;
				PRODUCT_NAME = "$(TARGET_NAME)";
				SWIFT_VERSION = 4.0;
				TARGETED_DEVICE_FAMILY = "1,2";
			};
			name = Debug;
		};
		51B42D861F88F3AA004F6D60 /* Release */ = {
			isa = XCBuildConfiguration;
			baseConfigurationReference = 0652F3B7BC76DF69E1102B92 /* Pods-Caducapp.release.xcconfig */;
			buildSettings = {
				ASSETCATALOG_COMPILER_APPICON_NAME = AppIcon;
				CODE_SIGN_STYLE = Automatic;
				DEVELOPMENT_TEAM = AWPJ7PA7MR;
				INFOPLIST_FILE = Caducapp/Info.plist;
				LD_RUNPATH_SEARCH_PATHS = "$(inherited) @executable_path/Frameworks";
				PRODUCT_BUNDLE_IDENTIFIER = bird.Caducapp;
				PRODUCT_NAME = "$(TARGET_NAME)";
				SWIFT_VERSION = 4.0;
				TARGETED_DEVICE_FAMILY = "1,2";
			};
			name = Release;
		};
/* End XCBuildConfiguration section */

/* Begin XCConfigurationList section */
		51B42D6D1F88F3AA004F6D60 /* Build configuration list for PBXProject "Caducapp" */ = {
			isa = XCConfigurationList;
			buildConfigurations = (
				51B42D821F88F3AA004F6D60 /* Debug */,
				51B42D831F88F3AA004F6D60 /* Release */,
			);
			defaultConfigurationIsVisible = 0;
			defaultConfigurationName = Release;
		};
		51B42D841F88F3AA004F6D60 /* Build configuration list for PBXNativeTarget "Caducapp" */ = {
			isa = XCConfigurationList;
			buildConfigurations = (
				51B42D851F88F3AA004F6D60 /* Debug */,
				51B42D861F88F3AA004F6D60 /* Release */,
			);
			defaultConfigurationIsVisible = 0;
			defaultConfigurationName = Release;
		};
/* End XCConfigurationList section */
	};
	rootObject = 51B42D6A1F88F3AA004F6D60 /* Project object */;
}
